// !$*UTF8*$!
{
	archiveVersion = 1;
	classes = {
	};
	objectVersion = 56;
	objects = {

/* Begin PBXBuildFile section */
		BDA74DA52A8527AA001938B8 /* aboutmeApp.swift in Sources */ = {isa = PBXBuildFile; fileRef = BDA74DA42A8527AA001938B8 /* aboutmeApp.swift */; };
		BDA74DA72A8527AA001938B8 /* ContentView.swift in Sources */ = {isa = PBXBuildFile; fileRef = BDA74DA62A8527AA001938B8 /* ContentView.swift */; };
		BDA74DA92A8527AB001938B8 /* Assets.xcassets in Resources */ = {isa = PBXBuildFile; fileRef = BDA74DA82A8527AB001938B8 /* Assets.xcassets */; };
		BDA74DAC2A8527AB001938B8 /* Preview Assets.xcassets in Resources */ = {isa = PBXBuildFile; fileRef = BDA74DAB2A8527AB001938B8 /* Preview Assets.xcassets */; };
		BDA74DB62A8527AB001938B8 /* aboutmeTests.swift in Sources */ = {isa = PBXBuildFile; fileRef = BDA74DB52A8527AB001938B8 /* aboutmeTests.swift */; };
		BDA74DC02A8527AB001938B8 /* aboutmeUITests.swift in Sources */ = {isa = PBXBuildFile; fileRef = BDA74DBF2A8527AB001938B8 /* aboutmeUITests.swift */; };
		BDA74DC22A8527AB001938B8 /* aboutmeUITestsLaunchTests.swift in Sources */ = {isa = PBXBuildFile; fileRef = BDA74DC12A8527AB001938B8 /* aboutmeUITestsLaunchTests.swift */; };
/* End PBXBuildFile section */

/* Begin PBXContainerItemProxy section */
		BDA74DB22A8527AB001938B8 /* PBXContainerItemProxy */ = {
			isa = PBXContainerItemProxy;
			containerPortal = BDA74D992A8527AA001938B8 /* Project object */;
			proxyType = 1;
			remoteGlobalIDString = BDA74DA02A8527AA001938B8;
			remoteInfo = aboutme;
		};
		BDA74DBC2A8527AB001938B8 /* PBXContainerItemProxy */ = {
			isa = PBXContainerItemProxy;
			containerPortal = BDA74D992A8527AA001938B8 /* Project object */;
			proxyType = 1;
			remoteGlobalIDString = BDA74DA02A8527AA001938B8;
			remoteInfo = aboutme;
		};
/* End PBXContainerItemProxy section */

/* Begin PBXFileReference section */
		BDA74DA12A8527AA001938B8 /* aboutme.app */ = {isa = PBXFileReference; explicitFileType = wrapper.application; includeInIndex = 0; path = aboutme.app; sourceTree = BUILT_PRODUCTS_DIR; };
		BDA74DA42A8527AA001938B8 /* aboutmeApp.swift */ = {isa = PBXFileReference; lastKnownFileType = sourcecode.swift; path = aboutmeApp.swift; sourceTree = "<group>"; };
		BDA74DA62A8527AA001938B8 /* ContentView.swift */ = {isa = PBXFileReference; lastKnownFileType = sourcecode.swift; path = ContentView.swift; sourceTree = "<group>"; };
		BDA74DA82A8527AB001938B8 /* Assets.xcassets */ = {isa = PBXFileReference; lastKnownFileType = folder.assetcatalog; path = Assets.xcassets; sourceTree = "<group>"; };
		BDA74DAB2A8527AB001938B8 /* Preview Assets.xcassets */ = {isa = PBXFileReference; lastKnownFileType = folder.assetcatalog; path = "Preview Assets.xcassets"; sourceTree = "<group>"; };
		BDA74DB12A8527AB001938B8 /* aboutmeTests.xctest */ = {isa = PBXFileReference; explicitFileType = wrapper.cfbundle; includeInIndex = 0; path = aboutmeTests.xctest; sourceTree = BUILT_PRODUCTS_DIR; };
		BDA74DB52A8527AB001938B8 /* aboutmeTests.swift */ = {isa = PBXFileReference; lastKnownFileType = sourcecode.swift; path = aboutmeTests.swift; sourceTree = "<group>"; };
		BDA74DBB2A8527AB001938B8 /* aboutmeUITests.xctest */ = {isa = PBXFileReference; explicitFileType = wrapper.cfbundle; includeInIndex = 0; path = aboutmeUITests.xctest; sourceTree = BUILT_PRODUCTS_DIR; };
		BDA74DBF2A8527AB001938B8 /* aboutmeUITests.swift */ = {isa = PBXFileReference; lastKnownFileType = sourcecode.swift; path = aboutmeUITests.swift; sourceTree = "<group>"; };
		BDA74DC12A8527AB001938B8 /* aboutmeUITestsLaunchTests.swift */ = {isa = PBXFileReference; lastKnownFileType = sourcecode.swift; path = aboutmeUITestsLaunchTests.swift; sourceTree = "<group>"; };
/* End PBXFileReference section */

/* Begin PBXFrameworksBuildPhase section */
		BDA74D9E2A8527AA001938B8 /* Frameworks */ = {
			isa = PBXFrameworksBuildPhase;
			buildActionMask = 2147483647;
			files = (
			);
			runOnlyForDeploymentPostprocessing = 0;
		};
		BDA74DAE2A8527AB001938B8 /* Frameworks */ = {
			isa = PBXFrameworksBuildPhase;
			buildActionMask = 2147483647;
			files = (
			);
			runOnlyForDeploymentPostprocessing = 0;
		};
		BDA74DB82A8527AB001938B8 /* Frameworks */ = {
			isa = PBXFrameworksBuildPhase;
			buildActionMask = 2147483647;
			files = (
			);
			runOnlyForDeploymentPostprocessing = 0;
		};
/* End PBXFrameworksBuildPhase section */

/* Begin PBXGroup section */
		BDA74D982A8527AA001938B8 = {
			isa = PBXGroup;
			children = (
				BDA74DA32A8527AA001938B8 /* aboutme */,
				BDA74DB42A8527AB001938B8 /* aboutmeTests */,
				BDA74DBE2A8527AB001938B8 /* aboutmeUITests */,
				BDA74DA22A8527AA001938B8 /* Products */,
			);
			sourceTree = "<group>";
		};
		BDA74DA22A8527AA001938B8 /* Products */ = {
			isa = PBXGroup;
			children = (
				BDA74DA12A8527AA001938B8 /* aboutme.app */,
				BDA74DB12A8527AB001938B8 /* aboutmeTests.xctest */,
				BDA74DBB2A8527AB001938B8 /* aboutmeUITests.xctest */,
			);
			name = Products;
			sourceTree = "<group>";
		};
		BDA74DA32A8527AA001938B8 /* aboutme */ = {
			isa = PBXGroup;
			children = (
				BDA74DA42A8527AA001938B8 /* aboutmeApp.swift */,
				BDA74DA62A8527AA001938B8 /* ContentView.swift */,
				BDA74DA82A8527AB001938B8 /* Assets.xcassets */,
				BDA74DAA2A8527AB001938B8 /* Preview Content */,
			);
			path = aboutme;
			sourceTree = "<group>";
		};
		BDA74DAA2A8527AB001938B8 /* Preview Content */ = {
			isa = PBXGroup;
			children = (
				BDA74DAB2A8527AB001938B8 /* Preview Assets.xcassets */,
			);
			path = "Preview Content";
			sourceTree = "<group>";
		};
		BDA74DB42A8527AB001938B8 /* aboutmeTests */ = {
			isa = PBXGroup;
			children = (
				BDA74DB52A8527AB001938B8 /* aboutmeTests.swift */,
			);
			path = aboutmeTests;
			sourceTree = "<group>";
		};
		BDA74DBE2A8527AB001938B8 /* aboutmeUITests */ = {
			isa = PBXGroup;
			children = (
				BDA74DBF2A8527AB001938B8 /* aboutmeUITests.swift */,
				BDA74DC12A8527AB001938B8 /* aboutmeUITestsLaunchTests.swift */,
			);
			path = aboutmeUITests;
			sourceTree = "<group>";
		};
/* End PBXGroup section */

/* Begin PBXNativeTarget section */
		BDA74DA02A8527AA001938B8 /* aboutme */ = {
			isa = PBXNativeTarget;
			buildConfigurationList = BDA74DC52A8527AB001938B8 /* Build configuration list for PBXNativeTarget "aboutme" */;
			buildPhases = (
				BDA74D9D2A8527AA001938B8 /* Sources */,
				BDA74D9E2A8527AA001938B8 /* Frameworks */,
				BDA74D9F2A8527AA001938B8 /* Resources */,
			);
			buildRules = (
			);
			dependencies = (
			);
			name = aboutme;
			productName = aboutme;
			productReference = BDA74DA12A8527AA001938B8 /* aboutme.app */;
			productType = "com.apple.product-type.application";
		};
		BDA74DB02A8527AB001938B8 /* aboutmeTests */ = {
			isa = PBXNativeTarget;
			buildConfigurationList = BDA74DC82A8527AB001938B8 /* Build configuration list for PBXNativeTarget "aboutmeTests" */;
			buildPhases = (
				BDA74DAD2A8527AB001938B8 /* Sources */,
				BDA74DAE2A8527AB001938B8 /* Frameworks */,
				BDA74DAF2A8527AB001938B8 /* Resources */,
			);
			buildRules = (
			);
			dependencies = (
				BDA74DB32A8527AB001938B8 /* PBXTargetDependency */,
			);
			name = aboutmeTests;
			productName = aboutmeTests;
			productReference = BDA74DB12A8527AB001938B8 /* aboutmeTests.xctest */;
			productType = "com.apple.product-type.bundle.unit-test";
		};
		BDA74DBA2A8527AB001938B8 /* aboutmeUITests */ = {
			isa = PBXNativeTarget;
			buildConfigurationList = BDA74DCB2A8527AB001938B8 /* Build configuration list for PBXNativeTarget "aboutmeUITests" */;
			buildPhases = (
				BDA74DB72A8527AB001938B8 /* Sources */,
				BDA74DB82A8527AB001938B8 /* Frameworks */,
				BDA74DB92A8527AB001938B8 /* Resources */,
			);
			buildRules = (
			);
			dependencies = (
				BDA74DBD2A8527AB001938B8 /* PBXTargetDependency */,
			);
			name = aboutmeUITests;
			productName = aboutmeUITests;
			productReference = BDA74DBB2A8527AB001938B8 /* aboutmeUITests.xctest */;
			productType = "com.apple.product-type.bundle.ui-testing";
		};
/* End PBXNativeTarget section */

/* Begin PBXProject section */
		BDA74D992A8527AA001938B8 /* Project object */ = {
			isa = PBXProject;
			attributes = {
				BuildIndependentTargetsInParallel = 1;
				LastSwiftUpdateCheck = 1430;
				LastUpgradeCheck = 1430;
				TargetAttributes = {
					BDA74DA02A8527AA001938B8 = {
						CreatedOnToolsVersion = 14.3.1;
					};
					BDA74DB02A8527AB001938B8 = {
						CreatedOnToolsVersion = 14.3.1;
						TestTargetID = BDA74DA02A8527AA001938B8;
					};
					BDA74DBA2A8527AB001938B8 = {
						CreatedOnToolsVersion = 14.3.1;
						TestTargetID = BDA74DA02A8527AA001938B8;
					};
				};
			};
			buildConfigurationList = BDA74D9C2A8527AA001938B8 /* Build configuration list for PBXProject "aboutme" */;
			compatibilityVersion = "Xcode 14.0";
			developmentRegion = en;
			hasScannedForEncodings = 0;
			knownRegions = (
				en,
				Base,
			);
			mainGroup = BDA74D982A8527AA001938B8;
			productRefGroup = BDA74DA22A8527AA001938B8 /* Products */;
			projectDirPath = "";
			projectRoot = "";
			targets = (
				BDA74DA02A8527AA001938B8 /* aboutme */,
				BDA74DB02A8527AB001938B8 /* aboutmeTests */,
				BDA74DBA2A8527AB001938B8 /* aboutmeUITests */,
			);
		};
/* End PBXProject section */

/* Begin PBXResourcesBuildPhase section */
		BDA74D9F2A8527AA001938B8 /* Resources */ = {
			isa = PBXResourcesBuildPhase;
			buildActionMask = 2147483647;
			files = (
				BDA74DAC2A8527AB001938B8 /* Preview Assets.xcassets in Resources */,
				BDA74DA92A8527AB001938B8 /* Assets.xcassets in Resources */,
			);
			runOnlyForDeploymentPostprocessing = 0;
		};
		BDA74DAF2A8527AB001938B8 /* Resources */ = {
			isa = PBXResourcesBuildPhase;
			buildActionMask = 2147483647;
			files = (
			);
			runOnlyForDeploymentPostprocessing = 0;
		};
		BDA74DB92A8527AB001938B8 /* Resources */ = {
			isa = PBXResourcesBuildPhase;
			buildActionMask = 2147483647;
			files = (
			);
			runOnlyForDeploymentPostprocessing = 0;
		};
/* End PBXResourcesBuildPhase section */

/* Begin PBXSourcesBuildPhase section */
		BDA74D9D2A8527AA001938B8 /* Sources */ = {
			isa = PBXSourcesBuildPhase;
			buildActionMask = 2147483647;
			files = (
				BDA74DA72A8527AA001938B8 /* ContentView.swift in Sources */,
				BDA74DA52A8527AA001938B8 /* aboutmeApp.swift in Sources */,
			);
			runOnlyForDeploymentPostprocessing = 0;
		};
		BDA74DAD2A8527AB001938B8 /* Sources */ = {
			isa = PBXSourcesBuildPhase;
			buildActionMask = 2147483647;
			files = (
				BDA74DB62A8527AB001938B8 /* aboutmeTests.swift in Sources */,
			);
			runOnlyForDeploymentPostprocessing = 0;
		};
		BDA74DB72A8527AB001938B8 /* Sources */ = {
			isa = PBXSourcesBuildPhase;
			buildActionMask = 2147483647;
			files = (
				BDA74DC22A8527AB001938B8 /* aboutmeUITestsLaunchTests.swift in Sources */,
				BDA74DC02A8527AB001938B8 /* aboutmeUITests.swift in Sources */,
			);
			runOnlyForDeploymentPostprocessing = 0;
		};
/* End PBXSourcesBuildPhase section */

/* Begin PBXTargetDependency section */
		BDA74DB32A8527AB001938B8 /* PBXTargetDependency */ = {
			isa = PBXTargetDependency;
			target = BDA74DA02A8527AA001938B8 /* aboutme */;
			targetProxy = BDA74DB22A8527AB001938B8 /* PBXContainerItemProxy */;
		};
		BDA74DBD2A8527AB001938B8 /* PBXTargetDependency */ = {
			isa = PBXTargetDependency;
			target = BDA74DA02A8527AA001938B8 /* aboutme */;
			targetProxy = BDA74DBC2A8527AB001938B8 /* PBXContainerItemProxy */;
		};
/* End PBXTargetDependency section */

/* Begin XCBuildConfiguration section */
		BDA74DC32A8527AB001938B8 /* Debug */ = {
			isa = XCBuildConfiguration;
			buildSettings = {
				ALWAYS_SEARCH_USER_PATHS = NO;
				CLANG_ANALYZER_NONNULL = YES;
				CLANG_ANALYZER_NUMBER_OBJECT_CONVERSION = YES_AGGRESSIVE;
				CLANG_CXX_LANGUAGE_STANDARD = "gnu++20";
				CLANG_ENABLE_MODULES = YES;
				CLANG_ENABLE_OBJC_ARC = YES;
				CLANG_ENABLE_OBJC_WEAK = YES;
				CLANG_WARN_BLOCK_CAPTURE_AUTORELEASING = YES;
				CLANG_WARN_BOOL_CONVERSION = YES;
				CLANG_WARN_COMMA = YES;
				CLANG_WARN_CONSTANT_CONVERSION = YES;
				CLANG_WARN_DEPRECATED_OBJC_IMPLEMENTATIONS = YES;
				CLANG_WARN_DIRECT_OBJC_ISA_USAGE = YES_ERROR;
				CLANG_WARN_DOCUMENTATION_COMMENTS = YES;
				CLANG_WARN_EMPTY_BODY = YES;
				CLANG_WARN_ENUM_CONVERSION = YES;
				CLANG_WARN_INFINITE_RECURSION = YES;
				CLANG_WARN_INT_CONVERSION = YES;
				CLANG_WARN_NON_LITERAL_NULL_CONVERSION = YES;
				CLANG_WARN_OBJC_IMPLICIT_RETAIN_SELF = YES;
				CLANG_WARN_OBJC_LITERAL_CONVERSION = YES;
				CLANG_WARN_OBJC_ROOT_CLASS = YES_ERROR;
				CLANG_WARN_QUOTED_INCLUDE_IN_FRAMEWORK_HEADER = YES;
				CLANG_WARN_RANGE_LOOP_ANALYSIS = YES;
				CLANG_WARN_STRICT_PROTOTYPES = YES;
				CLANG_WARN_SUSPICIOUS_MOVE = YES;
				CLANG_WARN_UNGUARDED_AVAILABILITY = YES_AGGRESSIVE;
				CLANG_WARN_UNREACHABLE_CODE = YES;
				CLANG_WARN__DUPLICATE_METHOD_MATCH = YES;
				COPY_PHASE_STRIP = NO;
				DEBUG_INFORMATION_FORMAT = dwarf;
				ENABLE_STRICT_OBJC_MSGSEND = YES;
				ENABLE_TESTABILITY = YES;
				GCC_C_LANGUAGE_STANDARD = gnu11;
				GCC_DYNAMIC_NO_PIC = NO;
				GCC_NO_COMMON_BLOCKS = YES;
				GCC_OPTIMIZATION_LEVEL = 0;
				GCC_PREPROCESSOR_DEFINITIONS = (
					"DEBUG=1",
					"$(inherited)",
				);
				GCC_WARN_64_TO_32_BIT_CONVERSION = YES;
				GCC_WARN_ABOUT_RETURN_TYPE = YES_ERROR;
				GCC_WARN_UNDECLARED_SELECTOR = YES;
				GCC_WARN_UNINITIALIZED_AUTOS = YES_AGGRESSIVE;
				GCC_WARN_UNUSED_FUNCTION = YES;
				GCC_WARN_UNUSED_VARIABLE = YES;
				IPHONEOS_DEPLOYMENT_TARGET = 16.4;
				MTL_ENABLE_DEBUG_INFO = INCLUDE_SOURCE;
				MTL_FAST_MATH = YES;
				ONLY_ACTIVE_ARCH = YES;
				SDKROOT = iphoneos;
				SWIFT_ACTIVE_COMPILATION_CONDITIONS = DEBUG;
				SWIFT_OPTIMIZATION_LEVEL = "-Onone";
			};
			name = Debug;
		};
		BDA74DC42A8527AB001938B8 /* Release */ = {
			isa = XCBuildConfiguration;
			buildSettings = {
				ALWAYS_SEARCH_USER_PATHS = NO;
				CLANG_ANALYZER_NONNULL = YES;
				CLANG_ANALYZER_NUMBER_OBJECT_CONVERSION = YES_AGGRESSIVE;
				CLANG_CXX_LANGUAGE_STANDARD = "gnu++20";
				CLANG_ENABLE_MODULES = YES;
				CLANG_ENABLE_OBJC_ARC = YES;
				CLANG_ENABLE_OBJC_WEAK = YES;
				CLANG_WARN_BLOCK_CAPTURE_AUTORELEASING = YES;
				CLANG_WARN_BOOL_CONVERSION = YES;
				CLANG_WARN_COMMA = YES;
				CLANG_WARN_CONSTANT_CONVERSION = YES;
				CLANG_WARN_DEPRECATED_OBJC_IMPLEMENTATIONS = YES;
				CLANG_WARN_DIRECT_OBJC_ISA_USAGE = YES_ERROR;
				CLANG_WARN_DOCUMENTATION_COMMENTS = YES;
				CLANG_WARN_EMPTY_BODY = YES;
				CLANG_WARN_ENUM_CONVERSION = YES;
				CLANG_WARN_INFINITE_RECURSION = YES;
				CLANG_WARN_INT_CONVERSION = YES;
				CLANG_WARN_NON_LITERAL_NULL_CONVERSION = YES;
				CLANG_WARN_OBJC_IMPLICIT_RETAIN_SELF = YES;
				CLANG_WARN_OBJC_LITERAL_CONVERSION = YES;
				CLANG_WARN_OBJC_ROOT_CLASS = YES_ERROR;
				CLANG_WARN_QUOTED_INCLUDE_IN_FRAMEWORK_HEADER = YES;
				CLANG_WARN_RANGE_LOOP_ANALYSIS = YES;
				CLANG_WARN_STRICT_PROTOTYPES = YES;
				CLANG_WARN_SUSPICIOUS_MOVE = YES;
				CLANG_WARN_UNGUARDED_AVAILABILITY = YES_AGGRESSIVE;
				CLANG_WARN_UNREACHABLE_CODE = YES;
				CLANG_WARN__DUPLICATE_METHOD_MATCH = YES;
				COPY_PHASE_STRIP = NO;
				DEBUG_INFORMATION_FORMAT = "dwarf-with-dsym";
				ENABLE_NS_ASSERTIONS = NO;
				ENABLE_STRICT_OBJC_MSGSEND = YES;
				GCC_C_LANGUAGE_STANDARD = gnu11;
				GCC_NO_COMMON_BLOCKS = YES;
				GCC_WARN_64_TO_32_BIT_CONVERSION = YES;
				GCC_WARN_ABOUT_RETURN_TYPE = YES_ERROR;
				GCC_WARN_UNDECLARED_SELECTOR = YES;
				GCC_WARN_UNINITIALIZED_AUTOS = YES_AGGRESSIVE;
				GCC_WARN_UNUSED_FUNCTION = YES;
				GCC_WARN_UNUSED_VARIABLE = YES;
				IPHONEOS_DEPLOYMENT_TARGET = 16.4;
				MTL_ENABLE_DEBUG_INFO = NO;
				MTL_FAST_MATH = YES;
				SDKROOT = iphoneos;
				SWIFT_COMPILATION_MODE = wholemodule;
				SWIFT_OPTIMIZATION_LEVEL = "-O";
				VALIDATE_PRODUCT = YES;
			};
			name = Release;
		};
		BDA74DC62A8527AB001938B8 /* Debug */ = {
			isa = XCBuildConfiguration;
			buildSettings = {
				ASSETCATALOG_COMPILER_APPICON_NAME = AppIcon;
				ASSETCATALOG_COMPILER_GLOBAL_ACCENT_COLOR_NAME = AccentColor;
				CODE_SIGN_STYLE = Automatic;
				CURRENT_PROJECT_VERSION = 1;
				DEVELOPMENT_ASSET_PATHS = "\"aboutme/Preview Content\"";
				ENABLE_PREVIEWS = YES;
				GENERATE_INFOPLIST_FILE = YES;
				INFOPLIST_KEY_UIApplicationSceneManifest_Generation = YES;
				INFOPLIST_KEY_UIApplicationSupportsIndirectInputEvents = YES;
				INFOPLIST_KEY_UILaunchScreen_Generation = YES;
				INFOPLIST_KEY_UISupportedInterfaceOrientations_iPad = "UIInterfaceOrientationPortrait UIInterfaceOrientationPortraitUpsideDown UIInterfaceOrientationLandscapeLeft UIInterfaceOrientationLandscapeRight";
				INFOPLIST_KEY_UISupportedInterfaceOrientations_iPhone = "UIInterfaceOrientationPortrait UIInterfaceOrientationLandscapeLeft UIInterfaceOrientationLandscapeRight";
				LD_RUNPATH_SEARCH_PATHS = (
					"$(inherited)",
					"@executable_path/Frameworks",
				);
				MARKETING_VERSION = 1.0;
				PRODUCT_BUNDLE_IDENTIFIER = KWK.aboutme;
				PRODUCT_NAME = "$(TARGET_NAME)";
				SWIFT_EMIT_LOC_STRINGS = YES;
				SWIFT_VERSION = 5.0;
				TARGETED_DEVICE_FAMILY = "1,2";
			};
			name = Debug;
		};
		BDA74DC72A8527AB001938B8 /* Release */ = {
			isa = XCBuildConfiguration;
			buildSettings = {
				ASSETCATALOG_COMPILER_APPICON_NAME = AppIcon;
				ASSETCATALOG_COMPILER_GLOBAL_ACCENT_COLOR_NAME = AccentColor;
				CODE_SIGN_STYLE = Automatic;
				CURRENT_PROJECT_VERSION = 1;
				DEVELOPMENT_ASSET_PATHS = "\"aboutme/Preview Content\"";
				ENABLE_PREVIEWS = YES;
				GENERATE_INFOPLIST_FILE = YES;
				INFOPLIST_KEY_UIApplicationSceneManifest_Generation = YES;
				INFOPLIST_KEY_UIApplicationSupportsIndirectInputEvents = YES;
				INFOPLIST_KEY_UILaunchScreen_Generation = YES;
				INFOPLIST_KEY_UISupportedInterfaceOrientations_iPad = "UIInterfaceOrientationPortrait UIInterfaceOrientationPortraitUpsideDown UIInterfaceOrientationLandscapeLeft UIInterfaceOrientationLandscapeRight";
				INFOPLIST_KEY_UISupportedInterfaceOrientations_iPhone = "UIInterfaceOrientationPortrait UIInterfaceOrientationLandscapeLeft UIInterfaceOrientationLandscapeRight";
				LD_RUNPATH_SEARCH_PATHS = (
					"$(inherited)",
					"@executable_path/Frameworks",
				);
				MARKETING_VERSION = 1.0;
				PRODUCT_BUNDLE_IDENTIFIER = KWK.aboutme;
				PRODUCT_NAME = "$(TARGET_NAME)";
				SWIFT_EMIT_LOC_STRINGS = YES;
				SWIFT_VERSION = 5.0;
				TARGETED_DEVICE_FAMILY = "1,2";
			};
			name = Release;
		};
		BDA74DC92A8527AB001938B8 /* Debug */ = {
			isa = XCBuildConfiguration;
			buildSettings = {
				ALWAYS_EMBED_SWIFT_STANDARD_LIBRARIES = YES;
				BUNDLE_LOADER = "$(TEST_HOST)";
				CODE_SIGN_STYLE = Automatic;
				CURRENT_PROJECT_VERSION = 1;
				GENERATE_INFOPLIST_FILE = YES;
				IPHONEOS_DEPLOYMENT_TARGET = 16.4;
				MARKETING_VERSION = 1.0;
				PRODUCT_BUNDLE_IDENTIFIER = KWK.aboutmeTests;
				PRODUCT_NAME = "$(TARGET_NAME)";
				SWIFT_EMIT_LOC_STRINGS = NO;
				SWIFT_VERSION = 5.0;
				TARGETED_DEVICE_FAMILY = "1,2";
				TEST_HOST = "$(BUILT_PRODUCTS_DIR)/aboutme.app/$(BUNDLE_EXECUTABLE_FOLDER_PATH)/aboutme";
			};
			name = Debug;
		};
		BDA74DCA2A8527AB001938B8 /* Release */ = {
			isa = XCBuildConfiguration;
			buildSettings = {
				ALWAYS_EMBED_SWIFT_STANDARD_LIBRARIES = YES;
				BUNDLE_LOADER = "$(TEST_HOST)";
				CODE_SIGN_STYLE = Automatic;
				CURRENT_PROJECT_VERSION = 1;
				GENERATE_INFOPLIST_FILE = YES;
				IPHONEOS_DEPLOYMENT_TARGET = 16.4;
				MARKETING_VERSION = 1.0;
				PRODUCT_BUNDLE_IDENTIFIER = KWK.aboutmeTests;
				PRODUCT_NAME = "$(TARGET_NAME)";
				SWIFT_EMIT_LOC_STRINGS = NO;
				SWIFT_VERSION = 5.0;
				TARGETED_DEVICE_FAMILY = "1,2";
				TEST_HOST = "$(BUILT_PRODUCTS_DIR)/aboutme.app/$(BUNDLE_EXECUTABLE_FOLDER_PATH)/aboutme";
			};
			name = Release;
		};
		BDA74DCC2A8527AB001938B8 /* Debug */ = {
			isa = XCBuildConfiguration;
			buildSettings = {
				ALWAYS_EMBED_SWIFT_STANDARD_LIBRARIES = YES;
				CODE_SIGN_STYLE = Automatic;
				CURRENT_PROJECT_VERSION = 1;
				GENERATE_INFOPLIST_FILE = YES;
				MARKETING_VERSION = 1.0;
				PRODUCT_BUNDLE_IDENTIFIER = KWK.aboutmeUITests;
				PRODUCT_NAME = "$(TARGET_NAME)";
				SWIFT_EMIT_LOC_STRINGS = NO;
				SWIFT_VERSION = 5.0;
				TARGETED_DEVICE_FAMILY = "1,2";
				TEST_TARGET_NAME = aboutme;
			};
			name = Debug;
		};
		BDA74DCD2A8527AB001938B8 /* Release */ = {
			isa = XCBuildConfiguration;
			buildSettings = {
				ALWAYS_EMBED_SWIFT_STANDARD_LIBRARIES = YES;
				CODE_SIGN_STYLE = Automatic;
				CURRENT_PROJECT_VERSION = 1;
				GENERATE_INFOPLIST_FILE = YES;
				MARKETING_VERSION = 1.0;
				PRODUCT_BUNDLE_IDENTIFIER = KWK.aboutmeUITests;
				PRODUCT_NAME = "$(TARGET_NAME)";
				SWIFT_EMIT_LOC_STRINGS = NO;
				SWIFT_VERSION = 5.0;
				TARGETED_DEVICE_FAMILY = "1,2";
				TEST_TARGET_NAME = aboutme;
			};
			name = Release;
		};
/* End XCBuildConfiguration section */

/* Begin XCConfigurationList section */
		BDA74D9C2A8527AA001938B8 /* Build configuration list for PBXProject "aboutme" */ = {
			isa = XCConfigurationList;
			buildConfigurations = (
				BDA74DC32A8527AB001938B8 /* Debug */,
				BDA74DC42A8527AB001938B8 /* Release */,
			);
			defaultConfigurationIsVisible = 0;
			defaultConfigurationName = Release;
		};
		BDA74DC52A8527AB001938B8 /* Build configuration list for PBXNativeTarget "aboutme" */ = {
			isa = XCConfigurationList;
			buildConfigurations = (
				BDA74DC62A8527AB001938B8 /* Debug */,
				BDA74DC72A8527AB001938B8 /* Release */,
			);
			defaultConfigurationIsVisible = 0;
			defaultConfigurationName = Release;
		};
		BDA74DC82A8527AB001938B8 /* Build configuration list for PBXNativeTarget "aboutmeTests" */ = {
			isa = XCConfigurationList;
			buildConfigurations = (
				BDA74DC92A8527AB001938B8 /* Debug */,
				BDA74DCA2A8527AB001938B8 /* Release */,
			);
			defaultConfigurationIsVisible = 0;
			defaultConfigurationName = Release;
		};
		BDA74DCB2A8527AB001938B8 /* Build configuration list for PBXNativeTarget "aboutmeUITests" */ = {
			isa = XCConfigurationList;
			buildConfigurations = (
				BDA74DCC2A8527AB001938B8 /* Debug */,
				BDA74DCD2A8527AB001938B8 /* Release */,
			);
			defaultConfigurationIsVisible = 0;
			defaultConfigurationName = Release;
		};
/* End XCConfigurationList section */
	};
	rootObject = BDA74D992A8527AA001938B8 /* Project object */;
}
